
Microsoft Visual Studio Solution File, Format Version 12.00
# Visual Studio Version 17
VisualStudioVersion = 17.3.32819.101
MinimumVisualStudioVersion = 10.0.40219.1
Project("{FAE04EC0-301F-11D3-BF4B-00C04F79EFBC}") = "Calculator", "Calculator.csproj", "{30F0E1F8-BA88-41CC-9980-191DC20EA9F1}"
EndProject
Global
	GlobalSection(SolutionConfigurationPlatforms) = preSolution
		Debug|Any CPU = Debug|Any CPU
		Release|Any CPU = Release|Any CPU
	EndGlobalSection
	GlobalSection(ProjectConfigurationPlatforms) = postSolution
		{30F0E1F8-BA88-41CC-9980-191DC20EA9F1}.Debug|Any CPU.ActiveCfg = Debug|Any CPU
		{30F0E1F8-BA88-41CC-9980-191DC20EA9F1}.Debug|Any CPU.Build.0 = Debug|Any CPU
		{30F0E1F8-BA88-41CC-9980-191DC20EA9F1}.Release|Any CPU.ActiveCfg = Release|Any CPU
		{30F0E1F8-BA88-41CC-9980-191DC20EA9F1}.Release|Any CPU.Build.0 = Release|Any CPU
	EndGlobalSection
	GlobalSection(SolutionProperties) = preSolution
		HideSolutionNode = FALSE
	EndGlobalSection
	GlobalSection(ExtensibilityGlobals) = postSolution
		SolutionGuid = {362CF613-49FC-4EDE-B2F9-6AD2EECA7C4F}
	EndGlobalSection
EndGlobal
